
Microsoft Visual Studio Solution File, Format Version 12.00
# Visual Studio Version 17
VisualStudioVersion = 17.9.34622.214
MinimumVisualStudioVersion = 10.0.40219.1
Project("{FAE04EC0-301F-11D3-BF4B-00C04F79EFBC}") = "DogHouse11DMS2", "DogHouse11DMS2\DogHouse11DMS2.csproj", "{4F35102F-517C-4EA7-9BEE-0B3E626234CC}"
EndProject
Global
	GlobalSection(SolutionConfigurationPlatforms) = preSolution
		Debug|Any CPU = Debug|Any CPU
		Release|Any CPU = Release|Any CPU
	EndGlobalSection
	GlobalSection(ProjectConfigurationPlatforms) = postSolution
		{4F35102F-517C-4EA7-9BEE-0B3E626234CC}.Debug|Any CPU.ActiveCfg = Debug|Any CPU
		{4F35102F-517C-4EA7-9BEE-0B3E626234CC}.Debug|Any CPU.Build.0 = Debug|Any CPU
		{4F35102F-517C-4EA7-9BEE-0B3E626234CC}.Release|Any CPU.ActiveCfg = Release|Any CPU
		{4F35102F-517C-4EA7-9BEE-0B3E626234CC}.Release|Any CPU.Build.0 = Release|Any CPU
	EndGlobalSection
	GlobalSection(SolutionProperties) = preSolution
		HideSolutionNode = FALSE
	EndGlobalSection
	GlobalSection(ExtensibilityGlobals) = postSolution
		SolutionGuid = {2F4117C8-D85E-4F6F-92E1-279FBC2F2D1E}
	EndGlobalSection
EndGlobal
